Microsoft Visual Studio Solution File, Format Version 12.00
# Visual Studio Version 17
VisualStudioVersion = 17.13.35931.197
MinimumVisualStudioVersion = 10.0.40219.1
Project("{FAE04EC0-301F-11D3-BF4B-00C04F79EFBC}") = "ConsoleApp3", "ConsoleApp3\ConsoleApp3.csproj", "{70C4C3B2-E22A-46D1-8FA0-62EC9D28BBB1}"
EndProject
Global
	GlobalSection(SolutionConfigurationPlatforms) = preSolution
		Debug|Any CPU = Debug|Any CPU
		Release|Any CPU = Release|Any CPU
	EndGlobalSection
	GlobalSection(ProjectConfigurationPlatforms) = postSolution
		{70C4C3B2-E22A-46D1-8FA0-62EC9D28BBB1}.Debug|Any CPU.ActiveCfg = Debug|Any CPU
		{70C4C3B2-E22A-46D1-8FA0-62EC9D28BBB1}.Debug|Any CPU.Build.0 = Debug|Any CPU
		{70C4C3B2-E22A-46D1-8FA0-62EC9D28BBB1}.Release|Any CPU.ActiveCfg = Release|Any CPU
		{70C4C3B2-E22A-46D1-8FA0-62EC9D28BBB1}.Release|Any CPU.Build.0 = Release|Any CPU
	EndGlobalSection
	GlobalSection(SolutionProperties) = preSolution
		HideSolutionNode = FALSE
	EndGlobalSection
	GlobalSection(ExtensibilityGlobals) = postSolution
		SolutionGuid = {2DF6F45D-B513-468D-B62C-7FCAD1722B3C}
	EndGlobalSection
EndGlobal
